// !$*UTF8*$!
{
	archiveVersion = 1;
	classes = {
	};
	objectVersion = 51;
	objects = {

/* Begin PBXBuildFile section */
		0838694D26024834009D2780 /* AppDelegate.swift in Sources */ = {isa = PBXBuildFile; fileRef = 0838694C26024834009D2780 /* AppDelegate.swift */; };
		0838694F26024834009D2780 /* SceneDelegate.swift in Sources */ = {isa = PBXBuildFile; fileRef = 0838694E26024834009D2780 /* SceneDelegate.swift */; };
		0838695126024834009D2780 /* ViewController.swift in Sources */ = {isa = PBXBuildFile; fileRef = 0838695026024834009D2780 /* ViewController.swift */; };
		0838695426024834009D2780 /* Main.storyboard in Resources */ = {isa = PBXBuildFile; fileRef = 0838695226024834009D2780 /* Main.storyboard */; };
		0838695626024834009D2780 /* Assets.xcassets in Resources */ = {isa = PBXBuildFile; fileRef = 0838695526024834009D2780 /* Assets.xcassets */; };
		0838695926024834009D2780 /* LaunchScreen.storyboard in Resources */ = {isa = PBXBuildFile; fileRef = 0838695726024834009D2780 /* LaunchScreen.storyboard */; };
		0838696426024835009D2780 /* RxSwfitStudyTests.swift in Sources */ = {isa = PBXBuildFile; fileRef = 0838696326024835009D2780 /* RxSwfitStudyTests.swift */; };
		0838696F26024835009D2780 /* RxSwfitStudyUITests.swift in Sources */ = {isa = PBXBuildFile; fileRef = 0838696E26024835009D2780 /* RxSwfitStudyUITests.swift */; };
		87BE577CB28C84C2B240A628 /* Pods_RxSwfitStudyTests.framework in Frameworks */ = {isa = PBXBuildFile; fileRef = F27EC30B18A942EA879493EA /* Pods_RxSwfitStudyTests.framework */; };
		CCCE0A7AE5AFB2C55C236325 /* Pods_RxSwfitStudy.framework in Frameworks */ = {isa = PBXBuildFile; fileRef = 5193A0B21C401EF317C05479 /* Pods_RxSwfitStudy.framework */; };
		FC440717FDBF1982BBF74CC6 /* Pods_RxSwfitStudy_RxSwfitStudyUITests.framework in Frameworks */ = {isa = PBXBuildFile; fileRef = F9522B7A78512B118255DCA3 /* Pods_RxSwfitStudy_RxSwfitStudyUITests.framework */; };
/* End PBXBuildFile section */

/* Begin PBXContainerItemProxy section */
		0838696026024835009D2780 /* PBXContainerItemProxy */ = {
			isa = PBXContainerItemProxy;
			containerPortal = 0838694126024834009D2780 /* Project object */;
			proxyType = 1;
			remoteGlobalIDString = 0838694826024834009D2780;
			remoteInfo = RxSwfitStudy;
		};
		0838696B26024835009D2780 /* PBXContainerItemProxy */ = {
			isa = PBXContainerItemProxy;
			containerPortal = 0838694126024834009D2780 /* Project object */;
			proxyType = 1;
			remoteGlobalIDString = 0838694826024834009D2780;
			remoteInfo = RxSwfitStudy;
		};
/* End PBXContainerItemProxy section */

/* Begin PBXFileReference section */
		066FF417FE1C7B39EA5FDAC1 /* Pods-RxSwfitStudy-RxSwfitStudyUITests.release.xcconfig */ = {isa = PBXFileReference; includeInIndex = 1; lastKnownFileType = text.xcconfig; name = "Pods-RxSwfitStudy-RxSwfitStudyUITests.release.xcconfig"; path = "Target Support Files/Pods-RxSwfitStudy-RxSwfitStudyUITests/Pods-RxSwfitStudy-RxSwfitStudyUITests.release.xcconfig"; sourceTree = "<group>"; };
		0838694926024834009D2780 /* RxSwfitStudy.app */ = {isa = PBXFileReference; explicitFileType = wrapper.application; includeInIndex = 0; path = RxSwfitStudy.app; sourceTree = BUILT_PRODUCTS_DIR; };
		0838694C26024834009D2780 /* AppDelegate.swift */ = {isa = PBXFileReference; lastKnownFileType = sourcecode.swift; path = AppDelegate.swift; sourceTree = "<group>"; };
		0838694E26024834009D2780 /* SceneDelegate.swift */ = {isa = PBXFileReference; lastKnownFileType = sourcecode.swift; path = SceneDelegate.swift; sourceTree = "<group>"; };
		0838695026024834009D2780 /* ViewController.swift */ = {isa = PBXFileReference; lastKnownFileType = sourcecode.swift; path = ViewController.swift; sourceTree = "<group>"; };
		0838695326024834009D2780 /* Base */ = {isa = PBXFileReference; lastKnownFileType = file.storyboard; name = Base; path = Base.lproj/Main.storyboard; sourceTree = "<group>"; };
		0838695526024834009D2780 /* Assets.xcassets */ = {isa = PBXFileReference; lastKnownFileType = folder.assetcatalog; path = Assets.xcassets; sourceTree = "<group>"; };
		0838695826024834009D2780 /* Base */ = {isa = PBXFileReference; lastKnownFileType = file.storyboard; name = Base; path = Base.lproj/LaunchScreen.storyboard; sourceTree = "<group>"; };
		0838695A26024834009D2780 /* Info.plist */ = {isa = PBXFileReference; lastKnownFileType = text.plist.xml; path = Info.plist; sourceTree = "<group>"; };
		0838695F26024835009D2780 /* RxSwfitStudyTests.xctest */ = {isa = PBXFileReference; explicitFileType = wrapper.cfbundle; includeInIndex = 0; path = RxSwfitStudyTests.xctest; sourceTree = BUILT_PRODUCTS_DIR; };
		0838696326024835009D2780 /* RxSwfitStudyTests.swift */ = {isa = PBXFileReference; lastKnownFileType = sourcecode.swift; path = RxSwfitStudyTests.swift; sourceTree = "<group>"; };
		0838696526024835009D2780 /* Info.plist */ = {isa = PBXFileReference; lastKnownFileType = text.plist.xml; path = Info.plist; sourceTree = "<group>"; };
		0838696A26024835009D2780 /* RxSwfitStudyUITests.xctest */ = {isa = PBXFileReference; explicitFileType = wrapper.cfbundle; includeInIndex = 0; path = RxSwfitStudyUITests.xctest; sourceTree = BUILT_PRODUCTS_DIR; };
		0838696E26024835009D2780 /* RxSwfitStudyUITests.swift */ = {isa = PBXFileReference; lastKnownFileType = sourcecode.swift; path = RxSwfitStudyUITests.swift; sourceTree = "<group>"; };
		0838697026024835009D2780 /* Info.plist */ = {isa = PBXFileReference; lastKnownFileType = text.plist.xml; path = Info.plist; sourceTree = "<group>"; };
		0FB37F4DDDE0F9EC05A7E8E3 /* Pods-RxSwfitStudy-RxSwfitStudyUITests.debug.xcconfig */ = {isa = PBXFileReference; includeInIndex = 1; lastKnownFileType = text.xcconfig; name = "Pods-RxSwfitStudy-RxSwfitStudyUITests.debug.xcconfig"; path = "Target Support Files/Pods-RxSwfitStudy-RxSwfitStudyUITests/Pods-RxSwfitStudy-RxSwfitStudyUITests.debug.xcconfig"; sourceTree = "<group>"; };
		3123592804E9EED7BB67F6B9 /* Pods-RxSwfitStudy.debug.xcconfig */ = {isa = PBXFileReference; includeInIndex = 1; lastKnownFileType = text.xcconfig; name = "Pods-RxSwfitStudy.debug.xcconfig"; path = "Target Support Files/Pods-RxSwfitStudy/Pods-RxSwfitStudy.debug.xcconfig"; sourceTree = "<group>"; };
		5193A0B21C401EF317C05479 /* Pods_RxSwfitStudy.framework */ = {isa = PBXFileReference; explicitFileType = wrapper.framework; includeInIndex = 0; path = Pods_RxSwfitStudy.framework; sourceTree = BUILT_PRODUCTS_DIR; };
		8831661797A13970D55F53A4 /* Pods-RxSwfitStudy.release.xcconfig */ = {isa = PBXFileReference; includeInIndex = 1; lastKnownFileType = text.xcconfig; name = "Pods-RxSwfitStudy.release.xcconfig"; path = "Target Support Files/Pods-RxSwfitStudy/Pods-RxSwfitStudy.release.xcconfig"; sourceTree = "<group>"; };
		B89A6BC604E0F90A85669109 /* Pods-RxSwfitStudyTests.debug.xcconfig */ = {isa = PBXFileReference; includeInIndex = 1; lastKnownFileType = text.xcconfig; name = "Pods-RxSwfitStudyTests.debug.xcconfig"; path = "Target Support Files/Pods-RxSwfitStudyTests/Pods-RxSwfitStudyTests.debug.xcconfig"; sourceTree = "<group>"; };
		D144A69FEF6399435E80A00E /* Pods-RxSwfitStudyTests.release.xcconfig */ = {isa = PBXFileReference; includeInIndex = 1; lastKnownFileType = text.xcconfig; name = "Pods-RxSwfitStudyTests.release.xcconfig"; path = "Target Support Files/Pods-RxSwfitStudyTests/Pods-RxSwfitStudyTests.release.xcconfig"; sourceTree = "<group>"; };
		F27EC30B18A942EA879493EA /* Pods_RxSwfitStudyTests.framework */ = {isa = PBXFileReference; explicitFileType = wrapper.framework; includeInIndex = 0; path = Pods_RxSwfitStudyTests.framework; sourceTree = BUILT_PRODUCTS_DIR; };
		F9522B7A78512B118255DCA3 /* Pods_RxSwfitStudy_RxSwfitStudyUITests.framework */ = {isa = PBXFileReference; explicitFileType = wrapper.framework; includeInIndex = 0; path = Pods_RxSwfitStudy_RxSwfitStudyUITests.framework; sourceTree = BUILT_PRODUCTS_DIR; };
/* End PBXFileReference section */

/* Begin PBXFrameworksBuildPhase section */
		0838694626024834009D2780 /* Frameworks */ = {
			isa = PBXFrameworksBuildPhase;
			buildActionMask = 2147483647;
			files = (
				CCCE0A7AE5AFB2C55C236325 /* Pods_RxSwfitStudy.framework in Frameworks */,
			);
			runOnlyForDeploymentPostprocessing = 0;
		};
		0838695C26024835009D2780 /* Frameworks */ = {
			isa = PBXFrameworksBuildPhase;
			buildActionMask = 2147483647;
			files = (
				87BE577CB28C84C2B240A628 /* Pods_RxSwfitStudyTests.framework in Frameworks */,
			);
			runOnlyForDeploymentPostprocessing = 0;
		};
		0838696726024835009D2780 /* Frameworks */ = {
			isa = PBXFrameworksBuildPhase;
			buildActionMask = 2147483647;
			files = (
				FC440717FDBF1982BBF74CC6 /* Pods_RxSwfitStudy_RxSwfitStudyUITests.framework in Frameworks */,
			);
			runOnlyForDeploymentPostprocessing = 0;
		};
/* End PBXFrameworksBuildPhase section */

/* Begin PBXGroup section */
		0838694026024834009D2780 = {
			isa = PBXGroup;
			children = (
				0838694B26024834009D2780 /* RxSwfitStudy */,
				0838696226024835009D2780 /* RxSwfitStudyTests */,
				0838696D26024835009D2780 /* RxSwfitStudyUITests */,
				0838694A26024834009D2780 /* Products */,
				3E20CE29004B01F5DCE138D4 /* Pods */,
				7BE87B93485CE3647A97868A /* Frameworks */,
			);
			sourceTree = "<group>";
		};
		0838694A26024834009D2780 /* Products */ = {
			isa = PBXGroup;
			children = (
				0838694926024834009D2780 /* RxSwfitStudy.app */,
				0838695F26024835009D2780 /* RxSwfitStudyTests.xctest */,
				0838696A26024835009D2780 /* RxSwfitStudyUITests.xctest */,
			);
			name = Products;
			sourceTree = "<group>";
		};
		0838694B26024834009D2780 /* RxSwfitStudy */ = {
			isa = PBXGroup;
			children = (
				0838694C26024834009D2780 /* AppDelegate.swift */,
				0838694E26024834009D2780 /* SceneDelegate.swift */,
				0838695026024834009D2780 /* ViewController.swift */,
				0838695226024834009D2780 /* Main.storyboard */,
				0838695526024834009D2780 /* Assets.xcassets */,
				0838695726024834009D2780 /* LaunchScreen.storyboard */,
				0838695A26024834009D2780 /* Info.plist */,
			);
			path = RxSwfitStudy;
			sourceTree = "<group>";
		};
		0838696226024835009D2780 /* RxSwfitStudyTests */ = {
			isa = PBXGroup;
			children = (
				0838696326024835009D2780 /* RxSwfitStudyTests.swift */,
				0838696526024835009D2780 /* Info.plist */,
			);
			path = RxSwfitStudyTests;
			sourceTree = "<group>";
		};
		0838696D26024835009D2780 /* RxSwfitStudyUITests */ = {
			isa = PBXGroup;
			children = (
				0838696E26024835009D2780 /* RxSwfitStudyUITests.swift */,
				0838697026024835009D2780 /* Info.plist */,
			);
			path = RxSwfitStudyUITests;
			sourceTree = "<group>";
		};
		3E20CE29004B01F5DCE138D4 /* Pods */ = {
			isa = PBXGroup;
			children = (
				3123592804E9EED7BB67F6B9 /* Pods-RxSwfitStudy.debug.xcconfig */,
				8831661797A13970D55F53A4 /* Pods-RxSwfitStudy.release.xcconfig */,
				0FB37F4DDDE0F9EC05A7E8E3 /* Pods-RxSwfitStudy-RxSwfitStudyUITests.debug.xcconfig */,
				066FF417FE1C7B39EA5FDAC1 /* Pods-RxSwfitStudy-RxSwfitStudyUITests.release.xcconfig */,
				B89A6BC604E0F90A85669109 /* Pods-RxSwfitStudyTests.debug.xcconfig */,
				D144A69FEF6399435E80A00E /* Pods-RxSwfitStudyTests.release.xcconfig */,
			);
			path = Pods;
			sourceTree = "<group>";
		};
		7BE87B93485CE3647A97868A /* Frameworks */ = {
			isa = PBXGroup;
			children = (
				5193A0B21C401EF317C05479 /* Pods_RxSwfitStudy.framework */,
				F9522B7A78512B118255DCA3 /* Pods_RxSwfitStudy_RxSwfitStudyUITests.framework */,
				F27EC30B18A942EA879493EA /* Pods_RxSwfitStudyTests.framework */,
			);
			name = Frameworks;
			sourceTree = "<group>";
		};
/* End PBXGroup section */

/* Begin PBXNativeTarget section */
		0838694826024834009D2780 /* RxSwfitStudy */ = {
			isa = PBXNativeTarget;
			buildConfigurationList = 0838697326024835009D2780 /* Build configuration list for PBXNativeTarget "RxSwfitStudy" */;
			buildPhases = (
				570A16963A34C740DC7DA71E /* [CP] Check Pods Manifest.lock */,
				0838694526024834009D2780 /* Sources */,
				0838694626024834009D2780 /* Frameworks */,
				0838694726024834009D2780 /* Resources */,
				62A4B5713DA784D1CF7AEE62 /* [CP] Embed Pods Frameworks */,
			);
			buildRules = (
			);
			dependencies = (
			);
			name = RxSwfitStudy;
			productName = RxSwfitStudy;
			productReference = 0838694926024834009D2780 /* RxSwfitStudy.app */;
			productType = "com.apple.product-type.application";
		};
		0838695E26024835009D2780 /* RxSwfitStudyTests */ = {
			isa = PBXNativeTarget;
			buildConfigurationList = 0838697626024835009D2780 /* Build configuration list for PBXNativeTarget "RxSwfitStudyTests" */;
			buildPhases = (
				1A841A5EC37067387EBFEED2 /* [CP] Check Pods Manifest.lock */,
				0838695B26024835009D2780 /* Sources */,
				0838695C26024835009D2780 /* Frameworks */,
				0838695D26024835009D2780 /* Resources */,
				005C1DF5C68CCE1FD5CD4FA9 /* [CP] Embed Pods Frameworks */,
			);
			buildRules = (
			);
			dependencies = (
				0838696126024835009D2780 /* PBXTargetDependency */,
			);
			name = RxSwfitStudyTests;
			productName = RxSwfitStudyTests;
			productReference = 0838695F26024835009D2780 /* RxSwfitStudyTests.xctest */;
			productType = "com.apple.product-type.bundle.unit-test";
		};
		0838696926024835009D2780 /* RxSwfitStudyUITests */ = {
			isa = PBXNativeTarget;
			buildConfigurationList = 0838697926024835009D2780 /* Build configuration list for PBXNativeTarget "RxSwfitStudyUITests" */;
			buildPhases = (
				47BD2B36C778DF79C07E8C04 /* [CP] Check Pods Manifest.lock */,
				0838696626024835009D2780 /* Sources */,
				0838696726024835009D2780 /* Frameworks */,
				0838696826024835009D2780 /* Resources */,
				54B76271FA8A09FEF265F7AC /* [CP] Embed Pods Frameworks */,
			);
			buildRules = (
			);
			dependencies = (
				0838696C26024835009D2780 /* PBXTargetDependency */,
			);
			name = RxSwfitStudyUITests;
			productName = RxSwfitStudyUITests;
			productReference = 0838696A26024835009D2780 /* RxSwfitStudyUITests.xctest */;
			productType = "com.apple.product-type.bundle.ui-testing";
		};
/* End PBXNativeTarget section */

/* Begin PBXProject section */
		0838694126024834009D2780 /* Project object */ = {
			isa = PBXProject;
			attributes = {
				LastSwiftUpdateCheck = 1240;
				LastUpgradeCheck = 1240;
				TargetAttributes = {
					0838694826024834009D2780 = {
						CreatedOnToolsVersion = 12.4;
					};
					0838695E26024835009D2780 = {
						CreatedOnToolsVersion = 12.4;
						TestTargetID = 0838694826024834009D2780;
					};
					0838696926024835009D2780 = {
						CreatedOnToolsVersion = 12.4;
						TestTargetID = 0838694826024834009D2780;
					};
				};
			};
			buildConfigurationList = 0838694426024834009D2780 /* Build configuration list for PBXProject "RxSwfitStudy" */;
			compatibilityVersion = "Xcode 9.3";
			developmentRegion = en;
			hasScannedForEncodings = 0;
			knownRegions = (
				en,
				Base,
			);
			mainGroup = 0838694026024834009D2780;
			productRefGroup = 0838694A26024834009D2780 /* Products */;
			projectDirPath = "";
			projectRoot = "";
			targets = (
				0838694826024834009D2780 /* RxSwfitStudy */,
				0838695E26024835009D2780 /* RxSwfitStudyTests */,
				0838696926024835009D2780 /* RxSwfitStudyUITests */,
			);
		};
/* End PBXProject section */

/* Begin PBXResourcesBuildPhase section */
		0838694726024834009D2780 /* Resources */ = {
			isa = PBXResourcesBuildPhase;
			buildActionMask = 2147483647;
			files = (
				0838695926024834009D2780 /* LaunchScreen.storyboard in Resources */,
				0838695626024834009D2780 /* Assets.xcassets in Resources */,
				0838695426024834009D2780 /* Main.storyboard in Resources */,
			);
			runOnlyForDeploymentPostprocessing = 0;
		};
		0838695D26024835009D2780 /* Resources */ = {
			isa = PBXResourcesBuildPhase;
			buildActionMask = 2147483647;
			files = (
			);
			runOnlyForDeploymentPostprocessing = 0;
		};
		0838696826024835009D2780 /* Resources */ = {
			isa = PBXResourcesBuildPhase;
			buildActionMask = 2147483647;
			files = (
			);
			runOnlyForDeploymentPostprocessing = 0;
		};
/* End PBXResourcesBuildPhase section */

/* Begin PBXShellScriptBuildPhase section */
		005C1DF5C68CCE1FD5CD4FA9 /* [CP] Embed Pods Frameworks */ = {
			isa = PBXShellScriptBuildPhase;
			buildActionMask = 2147483647;
			files = (
			);
			inputFileListPaths = (
				"${PODS_ROOT}/Target Support Files/Pods-RxSwfitStudyTests/Pods-RxSwfitStudyTests-frameworks-${CONFIGURATION}-input-files.xcfilelist",
			);
			name = "[CP] Embed Pods Frameworks";
			outputFileListPaths = (
				"${PODS_ROOT}/Target Support Files/Pods-RxSwfitStudyTests/Pods-RxSwfitStudyTests-frameworks-${CONFIGURATION}-output-files.xcfilelist",
			);
			runOnlyForDeploymentPostprocessing = 0;
			shellPath = /bin/sh;
			shellScript = "\"${PODS_ROOT}/Target Support Files/Pods-RxSwfitStudyTests/Pods-RxSwfitStudyTests-frameworks.sh\"\n";
			showEnvVarsInLog = 0;
		};
		1A841A5EC37067387EBFEED2 /* [CP] Check Pods Manifest.lock */ = {
			isa = PBXShellScriptBuildPhase;
			buildActionMask = 2147483647;
			files = (
			);
			inputFileListPaths = (
			);
			inputPaths = (
				"${PODS_PODFILE_DIR_PATH}/Podfile.lock",
				"${PODS_ROOT}/Manifest.lock",
			);
			name = "[CP] Check Pods Manifest.lock";
			outputFileListPaths = (
			);
			outputPaths = (
				"$(DERIVED_FILE_DIR)/Pods-RxSwfitStudyTests-checkManifestLockResult.txt",
			);
			runOnlyForDeploymentPostprocessing = 0;
			shellPath = /bin/sh;
			shellScript = "diff \"${PODS_PODFILE_DIR_PATH}/Podfile.lock\" \"${PODS_ROOT}/Manifest.lock\" > /dev/null\nif [ $? != 0 ] ; then\n    # print error to STDERR\n    echo \"error: The sandbox is not in sync with the Podfile.lock. Run 'pod install' or update your CocoaPods installation.\" >&2\n    exit 1\nfi\n# This output is used by Xcode 'outputs' to avoid re-running this script phase.\necho \"SUCCESS\" > \"${SCRIPT_OUTPUT_FILE_0}\"\n";
			showEnvVarsInLog = 0;
		};
		47BD2B36C778DF79C07E8C04 /* [CP] Check Pods Manifest.lock */ = {
			isa = PBXShellScriptBuildPhase;
			buildActionMask = 2147483647;
			files = (
			);
			inputFileListPaths = (
			);
			inputPaths = (
				"${PODS_PODFILE_DIR_PATH}/Podfile.lock",
				"${PODS_ROOT}/Manifest.lock",
			);
			name = "[CP] Check Pods Manifest.lock";
			outputFileListPaths = (
			);
			outputPaths = (
				"$(DERIVED_FILE_DIR)/Pods-RxSwfitStudy-RxSwfitStudyUITests-checkManifestLockResult.txt",
			);
			runOnlyForDeploymentPostprocessing = 0;
			shellPath = /bin/sh;
			shellScript = "diff \"${PODS_PODFILE_DIR_PATH}/Podfile.lock\" \"${PODS_ROOT}/Manifest.lock\" > /dev/null\nif [ $? != 0 ] ; then\n    # print error to STDERR\n    echo \"error: The sandbox is not in sync with the Podfile.lock. Run 'pod install' or update your CocoaPods installation.\" >&2\n    exit 1\nfi\n# This output is used by Xcode 'outputs' to avoid re-running this script phase.\necho \"SUCCESS\" > \"${SCRIPT_OUTPUT_FILE_0}\"\n";
			showEnvVarsInLog = 0;
		};
		54B76271FA8A09FEF265F7AC /* [CP] Embed Pods Frameworks */ = {
			isa = PBXShellScriptBuildPhase;
			buildActionMask = 2147483647;
			files = (
			);
			inputFileListPaths = (
				"${PODS_ROOT}/Target Support Files/Pods-RxSwfitStudy-RxSwfitStudyUITests/Pods-RxSwfitStudy-RxSwfitStudyUITests-frameworks-${CONFIGURATION}-input-files.xcfilelist",
			);
			name = "[CP] Embed Pods Frameworks";
			outputFileListPaths = (
				"${PODS_ROOT}/Target Support Files/Pods-RxSwfitStudy-RxSwfitStudyUITests/Pods-RxSwfitStudy-RxSwfitStudyUITests-frameworks-${CONFIGURATION}-output-files.xcfilelist",
			);
			runOnlyForDeploymentPostprocessing = 0;
			shellPath = /bin/sh;
			shellScript = "\"${PODS_ROOT}/Target Support Files/Pods-RxSwfitStudy-RxSwfitStudyUITests/Pods-RxSwfitStudy-RxSwfitStudyUITests-frameworks.sh\"\n";
			showEnvVarsInLog = 0;
		};
		570A16963A34C740DC7DA71E /* [CP] Check Pods Manifest.lock */ = {
			isa = PBXShellScriptBuildPhase;
			buildActionMask = 2147483647;
			files = (
			);
			inputFileListPaths = (
			);
			inputPaths = (
				"${PODS_PODFILE_DIR_PATH}/Podfile.lock",
				"${PODS_ROOT}/Manifest.lock",
			);
			name = "[CP] Check Pods Manifest.lock";
			outputFileListPaths = (
			);
			outputPaths = (
				"$(DERIVED_FILE_DIR)/Pods-RxSwfitStudy-checkManifestLockResult.txt",
			);
			runOnlyForDeploymentPostprocessing = 0;
			shellPath = /bin/sh;
			shellScript = "diff \"${PODS_PODFILE_DIR_PATH}/Podfile.lock\" \"${PODS_ROOT}/Manifest.lock\" > /dev/null\nif [ $? != 0 ] ; then\n    # print error to STDERR\n    echo \"error: The sandbox is not in sync with the Podfile.lock. Run 'pod install' or update your CocoaPods installation.\" >&2\n    exit 1\nfi\n# This output is used by Xcode 'outputs' to avoid re-running this script phase.\necho \"SUCCESS\" > \"${SCRIPT_OUTPUT_FILE_0}\"\n";
			showEnvVarsInLog = 0;
		};
		62A4B5713DA784D1CF7AEE62 /* [CP] Embed Pods Frameworks */ = {
			isa = PBXShellScriptBuildPhase;
			buildActionMask = 2147483647;
			files = (
			);
			inputFileListPaths = (
				"${PODS_ROOT}/Target Support Files/Pods-RxSwfitStudy/Pods-RxSwfitStudy-frameworks-${CONFIGURATION}-input-files.xcfilelist",
			);
			name = "[CP] Embed Pods Frameworks";
			outputFileListPaths = (
				"${PODS_ROOT}/Target Support Files/Pods-RxSwfitStudy/Pods-RxSwfitStudy-frameworks-${CONFIGURATION}-output-files.xcfilelist",
			);
			runOnlyForDeploymentPostprocessing = 0;
			shellPath = /bin/sh;
			shellScript = "\"${PODS_ROOT}/Target Support Files/Pods-RxSwfitStudy/Pods-RxSwfitStudy-frameworks.sh\"\n";
			showEnvVarsInLog = 0;
		};
/* End PBXShellScriptBuildPhase section */

/* Begin PBXSourcesBuildPhase section */
		0838694526024834009D2780 /* Sources */ = {
			isa = PBXSourcesBuildPhase;
			buildActionMask = 2147483647;
			files = (
				0838695126024834009D2780 /* ViewController.swift in Sources */,
				0838694D26024834009D2780 /* AppDelegate.swift in Sources */,
				0838694F26024834009D2780 /* SceneDelegate.swift in Sources */,
			);
			runOnlyForDeploymentPostprocessing = 0;
		};
		0838695B26024835009D2780 /* Sources */ = {
			isa = PBXSourcesBuildPhase;
			buildActionMask = 2147483647;
			files = (
				0838696426024835009D2780 /* RxSwfitStudyTests.swift in Sources */,
			);
			runOnlyForDeploymentPostprocessing = 0;
		};
		0838696626024835009D2780 /* Sources */ = {
			isa = PBXSourcesBuildPhase;
			buildActionMask = 2147483647;
			files = (
				0838696F26024835009D2780 /* RxSwfitStudyUITests.swift in Sources */,
			);
			runOnlyForDeploymentPostprocessing = 0;
		};
/* End PBXSourcesBuildPhase section */

/* Begin PBXTargetDependency section */
		0838696126024835009D2780 /* PBXTargetDependency */ = {
			isa = PBXTargetDependency;
			target = 0838694826024834009D2780 /* RxSwfitStudy */;
			targetProxy = 0838696026024835009D2780 /* PBXContainerItemProxy */;
		};
		0838696C26024835009D2780 /* PBXTargetDependency */ = {
			isa = PBXTargetDependency;
			target = 0838694826024834009D2780 /* RxSwfitStudy */;
			targetProxy = 0838696B26024835009D2780 /* PBXContainerItemProxy */;
		};
/* End PBXTargetDependency section */

/* Begin PBXVariantGroup section */
		0838695226024834009D2780 /* Main.storyboard */ = {
			isa = PBXVariantGroup;
			children = (
				0838695326024834009D2780 /* Base */,
			);
			name = Main.storyboard;
			sourceTree = "<group>";
		};
		0838695726024834009D2780 /* LaunchScreen.storyboard */ = {
			isa = PBXVariantGroup;
			children = (
				0838695826024834009D2780 /* Base */,
			);
			name = LaunchScreen.storyboard;
			sourceTree = "<group>";
		};
/* End PBXVariantGroup section */

/* Begin XCBuildConfiguration section */
		0838697126024835009D2780 /* Debug */ = {
			isa = XCBuildConfiguration;
			buildSettings = {
				ALWAYS_SEARCH_USER_PATHS = NO;
				CLANG_ANALYZER_NONNULL = YES;
				CLANG_ANALYZER_NUMBER_OBJECT_CONVERSION = YES_AGGRESSIVE;
				CLANG_CXX_LANGUAGE_STANDARD = "gnu++14";
				CLANG_CXX_LIBRARY = "libc++";
				CLANG_ENABLE_MODULES = YES;
				CLANG_ENABLE_OBJC_ARC = YES;
				CLANG_ENABLE_OBJC_WEAK = YES;
				CLANG_WARN_BLOCK_CAPTURE_AUTORELEASING = YES;
				CLANG_WARN_BOOL_CONVERSION = YES;
				CLANG_WARN_COMMA = YES;
				CLANG_WARN_CONSTANT_CONVERSION = YES;
				CLANG_WARN_DEPRECATED_OBJC_IMPLEMENTATIONS = YES;
				CLANG_WARN_DIRECT_OBJC_ISA_USAGE = YES_ERROR;
				CLANG_WARN_DOCUMENTATION_COMMENTS = YES;
				CLANG_WARN_EMPTY_BODY = YES;
				CLANG_WARN_ENUM_CONVERSION = YES;
				CLANG_WARN_INFINITE_RECURSION = YES;
				CLANG_WARN_INT_CONVERSION = YES;
				CLANG_WARN_NON_LITERAL_NULL_CONVERSION = YES;
				CLANG_WARN_OBJC_IMPLICIT_RETAIN_SELF = YES;
				CLANG_WARN_OBJC_LITERAL_CONVERSION = YES;
				CLANG_WARN_OBJC_ROOT_CLASS = YES_ERROR;
				CLANG_WARN_QUOTED_INCLUDE_IN_FRAMEWORK_HEADER = YES;
				CLANG_WARN_RANGE_LOOP_ANALYSIS = YES;
				CLANG_WARN_STRICT_PROTOTYPES = YES;
				CLANG_WARN_SUSPICIOUS_MOVE = YES;
				CLANG_WARN_UNGUARDED_AVAILABILITY = YES_AGGRESSIVE;
				CLANG_WARN_UNREACHABLE_CODE = YES;
				CLANG_WARN__DUPLICATE_METHOD_MATCH = YES;
				COPY_PHASE_STRIP = NO;
				DEBUG_INFORMATION_FORMAT = dwarf;
				ENABLE_STRICT_OBJC_MSGSEND = YES;
				ENABLE_TESTABILITY = YES;
				GCC_C_LANGUAGE_STANDARD = gnu11;
				GCC_DYNAMIC_NO_PIC = NO;
				GCC_NO_COMMON_BLOCKS = YES;
				GCC_OPTIMIZATION_LEVEL = 0;
				GCC_PREPROCESSOR_DEFINITIONS = (
					"DEBUG=1",
					"$(inherited)",
				);
				GCC_WARN_64_TO_32_BIT_CONVERSION = YES;
				GCC_WARN_ABOUT_RETURN_TYPE = YES_ERROR;
				GCC_WARN_UNDECLARED_SELECTOR = YES;
				GCC_WARN_UNINITIALIZED_AUTOS = YES_AGGRESSIVE;
				GCC_WARN_UNUSED_FUNCTION = YES;
				GCC_WARN_UNUSED_VARIABLE = YES;
				IPHONEOS_DEPLOYMENT_TARGET = 14.4;
				MTL_ENABLE_DEBUG_INFO = INCLUDE_SOURCE;
				MTL_FAST_MATH = YES;
				ONLY_ACTIVE_ARCH = YES;
				SDKROOT = iphoneos;
				SWIFT_ACTIVE_COMPILATION_CONDITIONS = DEBUG;
				SWIFT_OPTIMIZATION_LEVEL = "-Onone";
			};
			name = Debug;
		};
		0838697226024835009D2780 /* Release */ = {
			isa = XCBuildConfiguration;
			buildSettings = {
				ALWAYS_SEARCH_USER_PATHS = NO;
				CLANG_ANALYZER_NONNULL = YES;
				CLANG_ANALYZER_NUMBER_OBJECT_CONVERSION = YES_AGGRESSIVE;
				CLANG_CXX_LANGUAGE_STANDARD = "gnu++14";
				CLANG_CXX_LIBRARY = "libc++";
				CLANG_ENABLE_MODULES = YES;
				CLANG_ENABLE_OBJC_ARC = YES;
				CLANG_ENABLE_OBJC_WEAK = YES;
				CLANG_WARN_BLOCK_CAPTURE_AUTORELEASING = YES;
				CLANG_WARN_BOOL_CONVERSION = YES;
				CLANG_WARN_COMMA = YES;
				CLANG_WARN_CONSTANT_CONVERSION = YES;
				CLANG_WARN_DEPRECATED_OBJC_IMPLEMENTATIONS = YES;
				CLANG_WARN_DIRECT_OBJC_ISA_USAGE = YES_ERROR;
				CLANG_WARN_DOCUMENTATION_COMMENTS = YES;
				CLANG_WARN_EMPTY_BODY = YES;
				CLANG_WARN_ENUM_CONVERSION = YES;
				CLANG_WARN_INFINITE_RECURSION = YES;
				CLANG_WARN_INT_CONVERSION = YES;
				CLANG_WARN_NON_LITERAL_NULL_CONVERSION = YES;
				CLANG_WARN_OBJC_IMPLICIT_RETAIN_SELF = YES;
				CLANG_WARN_OBJC_LITERAL_CONVERSION = YES;
				CLANG_WARN_OBJC_ROOT_CLASS = YES_ERROR;
				CLANG_WARN_QUOTED_INCLUDE_IN_FRAMEWORK_HEADER = YES;
				CLANG_WARN_RANGE_LOOP_ANALYSIS = YES;
				CLANG_WARN_STRICT_PROTOTYPES = YES;
				CLANG_WARN_SUSPICIOUS_MOVE = YES;
				CLANG_WARN_UNGUARDED_AVAILABILITY = YES_AGGRESSIVE;
				CLANG_WARN_UNREACHABLE_CODE = YES;
				CLANG_WARN__DUPLICATE_METHOD_MATCH = YES;
				COPY_PHASE_STRIP = NO;
				DEBUG_INFORMATION_FORMAT = "dwarf-with-dsym";
				ENABLE_NS_ASSERTIONS = NO;
				ENABLE_STRICT_OBJC_MSGSEND = YES;
				GCC_C_LANGUAGE_STANDARD = gnu11;
				GCC_NO_COMMON_BLOCKS = YES;
				GCC_WARN_64_TO_32_BIT_CONVERSION = YES;
				GCC_WARN_ABOUT_RETURN_TYPE = YES_ERROR;
				GCC_WARN_UNDECLARED_SELECTOR = YES;
				GCC_WARN_UNINITIALIZED_AUTOS = YES_AGGRESSIVE;
				GCC_WARN_UNUSED_FUNCTION = YES;
				GCC_WARN_UNUSED_VARIABLE = YES;
				IPHONEOS_DEPLOYMENT_TARGET = 14.4;
				MTL_ENABLE_DEBUG_INFO = NO;
				MTL_FAST_MATH = YES;
				SDKROOT = iphoneos;
				SWIFT_COMPILATION_MODE = wholemodule;
				SWIFT_OPTIMIZATION_LEVEL = "-O";
				VALIDATE_PRODUCT = YES;
			};
			name = Release;
		};
		0838697426024835009D2780 /* Debug */ = {
			isa = XCBuildConfiguration;
			baseConfigurationReference = 3123592804E9EED7BB67F6B9 /* Pods-RxSwfitStudy.debug.xcconfig */;
			buildSettings = {
				ASSETCATALOG_COMPILER_APPICON_NAME = AppIcon;
				ASSETCATALOG_COMPILER_GLOBAL_ACCENT_COLOR_NAME = AccentColor;
				CODE_SIGN_STYLE = Automatic;
				DEVELOPMENT_TEAM = D9BK789354;
				INFOPLIST_FILE = RxSwfitStudy/Info.plist;
				IPHONEOS_DEPLOYMENT_TARGET = 13.0;
				LD_RUNPATH_SEARCH_PATHS = (
					"$(inherited)",
					"@executable_path/Frameworks",
				);
				PRODUCT_BUNDLE_IDENTIFIER = com.sro.RxSwfitStudy;
				PRODUCT_NAME = "$(TARGET_NAME)";
				SWIFT_VERSION = 5.0;
				TARGETED_DEVICE_FAMILY = "1,2";
			};
			name = Debug;
		};
		0838697526024835009D2780 /* Release */ = {
			isa = XCBuildConfiguration;
			baseConfigurationReference = 8831661797A13970D55F53A4 /* Pods-RxSwfitStudy.release.xcconfig */;
			buildSettings = {
				ASSETCATALOG_COMPILER_APPICON_NAME = AppIcon;
				ASSETCATALOG_COMPILER_GLOBAL_ACCENT_COLOR_NAME = AccentColor;
				CODE_SIGN_STYLE = Automatic;
				DEVELOPMENT_TEAM = D9BK789354;
				INFOPLIST_FILE = RxSwfitStudy/Info.plist;
				IPHONEOS_DEPLOYMENT_TARGET = 13.0;
				LD_RUNPATH_SEARCH_PATHS = (
					"$(inherited)",
					"@executable_path/Frameworks",
				);
				PRODUCT_BUNDLE_IDENTIFIER = com.sro.RxSwfitStudy;
				PRODUCT_NAME = "$(TARGET_NAME)";
				SWIFT_VERSION = 5.0;
				TARGETED_DEVICE_FAMILY = "1,2";
			};
			name = Release;
		};
		0838697726024835009D2780 /* Debug */ = {
			isa = XCBuildConfiguration;
			baseConfigurationReference = B89A6BC604E0F90A85669109 /* Pods-RxSwfitStudyTests.debug.xcconfig */;
			buildSettings = {
				ALWAYS_EMBED_SWIFT_STANDARD_LIBRARIES = YES;
				BUNDLE_LOADER = "$(TEST_HOST)";
				CODE_SIGN_STYLE = Automatic;
				DEVELOPMENT_TEAM = D9BK789354;
				INFOPLIST_FILE = RxSwfitStudyTests/Info.plist;
				IPHONEOS_DEPLOYMENT_TARGET = 14.4;
				LD_RUNPATH_SEARCH_PATHS = (
					"$(inherited)",
					"@executable_path/Frameworks",
					"@loader_path/Frameworks",
				);
				PRODUCT_BUNDLE_IDENTIFIER = com.sro.RxSwfitStudyTests;
				PRODUCT_NAME = "$(TARGET_NAME)";
				SWIFT_VERSION = 5.0;
				TARGETED_DEVICE_FAMILY = "1,2";
				TEST_HOST = "$(BUILT_PRODUCTS_DIR)/RxSwfitStudy.app/RxSwfitStudy";
			};
			name = Debug;
		};
		0838697826024835009D2780 /* Release */ = {
			isa = XCBuildConfiguration;
			baseConfigurationReference = D144A69FEF6399435E80A00E /* Pods-RxSwfitStudyTests.release.xcconfig */;
			buildSettings = {
				ALWAYS_EMBED_SWIFT_STANDARD_LIBRARIES = YES;
				BUNDLE_LOADER = "$(TEST_HOST)";
				CODE_SIGN_STYLE = Automatic;
				DEVELOPMENT_TEAM = D9BK789354;
				INFOPLIST_FILE = RxSwfitStudyTests/Info.plist;
				IPHONEOS_DEPLOYMENT_TARGET = 14.4;
				LD_RUNPATH_SEARCH_PATHS = (
					"$(inherited)",
					"@executable_path/Frameworks",
					"@loader_path/Frameworks",
				);
				PRODUCT_BUNDLE_IDENTIFIER = com.sro.RxSwfitStudyTests;
				PRODUCT_NAME = "$(TARGET_NAME)";
				SWIFT_VERSION = 5.0;
				TARGETED_DEVICE_FAMILY = "1,2";
				TEST_HOST = "$(BUILT_PRODUCTS_DIR)/RxSwfitStudy.app/RxSwfitStudy";
			};
			name = Release;
		};
		0838697A26024835009D2780 /* Debug */ = {
			isa = XCBuildConfiguration;
			baseConfigurationReference = 0FB37F4DDDE0F9EC05A7E8E3 /* Pods-RxSwfitStudy-RxSwfitStudyUITests.debug.xcconfig */;
			buildSettings = {
				ALWAYS_EMBED_SWIFT_STANDARD_LIBRARIES = YES;
				CODE_SIGN_STYLE = Automatic;
				DEVELOPMENT_TEAM = D9BK789354;
				INFOPLIST_FILE = RxSwfitStudyUITests/Info.plist;
				LD_RUNPATH_SEARCH_PATHS = (
					"$(inherited)",
					"@executable_path/Frameworks",
					"@loader_path/Frameworks",
				);
				PRODUCT_BUNDLE_IDENTIFIER = com.sro.RxSwfitStudyUITests;
				PRODUCT_NAME = "$(TARGET_NAME)";
				SWIFT_VERSION = 5.0;
				TARGETED_DEVICE_FAMILY = "1,2";
				TEST_TARGET_NAME = RxSwfitStudy;
			};
			name = Debug;
		};
		0838697B26024835009D2780 /* Release */ = {
			isa = XCBuildConfiguration;
			baseConfigurationReference = 066FF417FE1C7B39EA5FDAC1 /* Pods-RxSwfitStudy-RxSwfitStudyUITests.release.xcconfig */;
			buildSettings = {
				ALWAYS_EMBED_SWIFT_STANDARD_LIBRARIES = YES;
				CODE_SIGN_STYLE = Automatic;
				DEVELOPMENT_TEAM = D9BK789354;
				INFOPLIST_FILE = RxSwfitStudyUITests/Info.plist;
				LD_RUNPATH_SEARCH_PATHS = (
					"$(inherited)",
					"@executable_path/Frameworks",
					"@loader_path/Frameworks",
				);
				PRODUCT_BUNDLE_IDENTIFIER = com.sro.RxSwfitStudyUITests;
				PRODUCT_NAME = "$(TARGET_NAME)";
				SWIFT_VERSION = 5.0;
				TARGETED_DEVICE_FAMILY = "1,2";
				TEST_TARGET_NAME = RxSwfitStudy;
			};
			name = Release;
		};
/* End XCBuildConfiguration section */

/* Begin XCConfigurationList section */
		0838694426024834009D2780 /* Build configuration list for PBXProject "RxSwfitStudy" */ = {
			isa = XCConfigurationList;
			buildConfigurations = (
				0838697126024835009D2780 /* Debug */,
				0838697226024835009D2780 /* Release */,
			);
			defaultConfigurationIsVisible = 0;
			defaultConfigurationName = Release;
		};
		0838697326024835009D2780 /* Build configuration list for PBXNativeTarget "RxSwfitStudy" */ = {
			isa = XCConfigurationList;
			buildConfigurations = (
				0838697426024835009D2780 /* Debug */,
				0838697526024835009D2780 /* Release */,
			);
			defaultConfigurationIsVisible = 0;
			defaultConfigurationName = Release;
		};
		0838697626024835009D2780 /* Build configuration list for PBXNativeTarget "RxSwfitStudyTests" */ = {
			isa = XCConfigurationList;
			buildConfigurations = (
				0838697726024835009D2780 /* Debug */,
				0838697826024835009D2780 /* Release */,
			);
			defaultConfigurationIsVisible = 0;
			defaultConfigurationName = Release;
		};
		0838697926024835009D2780 /* Build configuration list for PBXNativeTarget "RxSwfitStudyUITests" */ = {
			isa = XCConfigurationList;
			buildConfigurations = (
				0838697A26024835009D2780 /* Debug */,
				0838697B26024835009D2780 /* Release */,
			);
			defaultConfigurationIsVisible = 0;
			defaultConfigurationName = Release;
		};
/* End XCConfigurationList section */
	};
	rootObject = 0838694126024834009D2780 /* Project object */;
}
